
Microsoft Visual Studio Solution File, Format Version 12.00
# Visual Studio Version 17
VisualStudioVersion = 17.7.34221.43
MinimumVisualStudioVersion = 10.0.40219.1
Project("{F184B08F-C81C-45F6-A57F-5ABD9991F28F}") = "GUI_REAL", "GUI_REAL\GUI_REAL.vbproj", "{5F2F2D67-DDA8-46DB-82CD-7260D46F78E0}"
EndProject
Global
	GlobalSection(SolutionConfigurationPlatforms) = preSolution
		Debug|Any CPU = Debug|Any CPU
		Release|Any CPU = Release|Any CPU
	EndGlobalSection
	GlobalSection(ProjectConfigurationPlatforms) = postSolution
		{5F2F2D67-DDA8-46DB-82CD-7260D46F78E0}.Debug|Any CPU.ActiveCfg = Debug|Any CPU
		{5F2F2D67-DDA8-46DB-82CD-7260D46F78E0}.Debug|Any CPU.Build.0 = Debug|Any CPU
		{5F2F2D67-DDA8-46DB-82CD-7260D46F78E0}.Release|Any CPU.ActiveCfg = Release|Any CPU
		{5F2F2D67-DDA8-46DB-82CD-7260D46F78E0}.Release|Any CPU.Build.0 = Release|Any CPU
	EndGlobalSection
	GlobalSection(SolutionProperties) = preSolution
		HideSolutionNode = FALSE
	EndGlobalSection
	GlobalSection(ExtensibilityGlobals) = postSolution
		SolutionGuid = {8E13479E-1CDF-4A13-8E73-CA64204B1D9A}
	EndGlobalSection
EndGlobal
